
Microsoft Visual Studio Solution File, Format Version 12.00
Project("{2150E333-8FDC-42A3-9474-1A3956D46DE8}") = "src", "src", "{6E7523E3-058B-42E1-A8FE-731D58E46BC6}"
EndProject
Project("{2150E333-8FDC-42A3-9474-1A3956D46DE8}") = "tests", "tests", "{65A9F672-FC50-4C38-BE3D-25AC7817003C}"
EndProject
Project("{FAE04EC0-301F-11D3-BF4B-00C04F79EFBC}") = "RussianSpotify.API.Core", "RussianSpotify.API.Core\RussianSpotify.API.Core.csproj", "{93621E9D-982B-478A-8811-ACB7C67693F5}"
EndProject
Project("{FAE04EC0-301F-11D3-BF4B-00C04F79EFBC}") = "RussianSpotify.API.Contracts", "RussianSpotify.API.Contracts\RussianSpotify.API.Contracts.csproj", "{A058B2FE-BC51-44D3-B7E6-F11702AB135E}"
EndProject
Project("{FAE04EC0-301F-11D3-BF4B-00C04F79EFBC}") = "RussianSpotify.API.Data.PostgreSQL", "RussianSpotify.API.Data.PostgreSQL\RussianSpotify.API.Data.PostgreSQL.csproj", "{97570CDB-4ED6-44E8-8CDD-0B8A82705246}"
EndProject
Project("{FAE04EC0-301F-11D3-BF4B-00C04F79EFBC}") = "RussianSpotify.API.WEB", "RussianSpotify.API.WEB\RussianSpotify.API.WEB.csproj", "{46226861-3380-411E-8B53-3E5FCDEC7C78}"
EndProject
Project("{FAE04EC0-301F-11D3-BF4B-00C04F79EFBC}") = "RussianSpotify.API.UnitTests", "RussianSpotify.API.UnitTests\RussianSpotify.API.UnitTests.csproj", "{05DD671B-5053-4439-9F40-CD87E306741D}"
EndProject
Project("{FAE04EC0-301F-11D3-BF4B-00C04F79EFBC}") = "RussianSpotify.API.Worker", "RussianSpotify.API.Worker\RussianSpotify.API.Worker.csproj", "{82AD743A-E2B7-4D13-9D26-6196F9DB64E6}"
EndProject
Project("{2150E333-8FDC-42A3-9474-1A3956D46DE8}") = "Solution Items", "Solution Items", "{51F88DE0-A860-46BE-9092-C690960A2E0D}"
	ProjectSection(SolutionItems) = preProject
		docker-compose.yml = docker-compose.yml
	EndProjectSection
EndProject
Project("{FAE04EC0-301F-11D3-BF4B-00C04F79EFBC}") = "RussianSpotify.API.Client", "RussianSpotify.API.Client\RussianSpotify.API.Client.csproj", "{7FB305BE-5D37-40CF-8382-58EEC2D360FD}"
EndProject
Project("{FAE04EC0-301F-11D3-BF4B-00C04F79EFBC}") = "RussianSpotify.API.Shared", "RussianSpotify.API.Shared\RussianSpotify.API.Shared.csproj", "{29A00849-003C-436F-896F-9682E9216154}"
EndProject
Project("{FAE04EC0-301F-11D3-BF4B-00C04F79EFBC}") = "RussianSpotify.API.ChatMessageSaver", "RussianSpotify.API.ChatMessageSaver\RussianSpotify.API.ChatMessageSaver.csproj", "{E8D9CD9F-5A56-4B21-AB1F-FD45625644A3}"
EndProject
Project("{2150E333-8FDC-42A3-9474-1A3956D46DE8}") = "Main", "Main", "{35712146-7769-478C-A819-74BC600C9749}"
	ProjectSection(SolutionItems) = preProject
		.dockerignore = .dockerignore
	EndProjectSection
EndProject
Project("{2150E333-8FDC-42A3-9474-1A3956D46DE8}") = "Common", "Common", "{7B26A734-4C3C-4928-9377-3AA1AEB5421E}"
EndProject
Project("{2150E333-8FDC-42A3-9474-1A3956D46DE8}") = "Services", "Services", "{223B2189-F44E-49F2-8903-29B8598869AB}"
EndProject
Project("{FAE04EC0-301F-11D3-BF4B-00C04F79EFBC}") = "RussianSpotify.API.Files", "RussianSpotify.API.Files\RussianSpotify.API.Files.csproj", "{4BFF650C-8E91-47BC-B9BD-AEBA51A3B777}"
EndProject
Project("{FAE04EC0-301F-11D3-BF4B-00C04F79EFBC}") = "RussianSpotify.API.Grpc", "RussianSpotify.API.Grpc\RussianSpotify.API.Grpc.csproj", "{330A2595-FEBE-436B-A2F1-E8B20BD16845}"
EndProject
Project("{FAE04EC0-301F-11D3-BF4B-00C04F79EFBC}") = "RussianSpotify.API.SubscriptionService", "RussianSpotify.API.SubscriptionService\RussianSpotify.API.SubscriptionService.csproj", "{D68FA51A-D024-4017-9F36-E01AE91D675F}"
EndProject
Project("{FAE04EC0-301F-11D3-BF4B-00C04F79EFBC}") = "RussianSpotify.API.PaymentService", "RussianSpotify.API.PaymentService\RussianSpotify.API.PaymentService.csproj", "{008543DE-E33C-45BE-B9CA-653F994E8682}"
EndProject
Project("{FAE04EC0-301F-11D3-BF4B-00C04F79EFBC}") = "RussianSpotify.API.GraphQL", "RussianSpotify.API.GraphQL\RussianSpotify.API.GraphQL.csproj", "{937B5040-204C-4DFC-BDEA-E079B676111E}"
EndProject
Project("{FAE04EC0-301F-11D3-BF4B-00C04F79EFBC}") = "RussianSpotify.API.Data.Cassandra", "RussianSpotify.API.Data.Cassandra\RussianSpotify.API.Data.Cassandra.csproj", "{1707C700-BAEB-4945-83CE-6A3E5D472C95}"
EndProject
Project("{2150E333-8FDC-42A3-9474-1A3956D46DE8}") = "k8s", "k8s", "{1F55F3A9-FBD1-46A8-94FC-8FE1F11ACF77}"
	ProjectSection(SolutionItems) = preProject
		k8s\rabbitmq-data-persistentvolumeclaim.yaml = k8s\rabbitmq-data-persistentvolumeclaim.yaml
	EndProjectSection
EndProject
Project("{2150E333-8FDC-42A3-9474-1A3956D46DE8}") = "deployments", "deployments", "{DDADE734-21EF-4ABD-9773-D43D58780202}"
	ProjectSection(SolutionItems) = preProject
		k8s\chat-message-saver-deployment.yaml = k8s\chat-message-saver-deployment.yaml
		k8s\files-service-deployment.yaml = k8s\files-service-deployment.yaml
		k8s\main-project-deployment.yaml = k8s\main-project-deployment.yaml
		k8s\minio-deployment.yaml = k8s\minio-deployment.yaml
		k8s\postgres-db-deployment.yaml = k8s\postgres-db-deployment.yaml
		k8s\rabbitmq-deployment.yaml = k8s\rabbitmq-deployment.yaml
		k8s\redis-deployment.yaml = k8s\redis-deployment.yaml
	EndProjectSection
EndProject
Project("{2150E333-8FDC-42A3-9474-1A3956D46DE8}") = "services", "services", "{8845D42B-EA5C-4FBB-A393-FE16894B6527}"
	ProjectSection(SolutionItems) = preProject
		k8s\files-service-service.yaml = k8s\files-service-service.yaml
		k8s\main-project-service.yaml = k8s\main-project-service.yaml
		k8s\minio-service.yaml = k8s\minio-service.yaml
		k8s\postgres-db-service.yaml = k8s\postgres-db-service.yaml
		k8s\rabbitmq-service.yaml = k8s\rabbitmq-service.yaml
		k8s\redis-service.yaml = k8s\redis-service.yaml
	EndProjectSection
EndProject
Project("{2150E333-8FDC-42A3-9474-1A3956D46DE8}") = "volumes", "volumes", "{DE7C7D1E-F51D-49DB-B727-2B7AB5739961}"
	ProjectSection(SolutionItems) = preProject
		k8s\minio-data-persistentvolumeclaim.yaml = k8s\minio-data-persistentvolumeclaim.yaml
		k8s\postgres-data-persistentvolumeclaim.yaml = k8s\postgres-data-persistentvolumeclaim.yaml
	EndProjectSection
EndProject
Global
	GlobalSection(SolutionConfigurationPlatforms) = preSolution
		Debug|Any CPU = Debug|Any CPU
		Release|Any CPU = Release|Any CPU
	EndGlobalSection
	GlobalSection(NestedProjects) = preSolution
		{05DD671B-5053-4439-9F40-CD87E306741D} = {65A9F672-FC50-4C38-BE3D-25AC7817003C}
		{35712146-7769-478C-A819-74BC600C9749} = {6E7523E3-058B-42E1-A8FE-731D58E46BC6}
		{97570CDB-4ED6-44E8-8CDD-0B8A82705246} = {35712146-7769-478C-A819-74BC600C9749}
		{93621E9D-982B-478A-8811-ACB7C67693F5} = {35712146-7769-478C-A819-74BC600C9749}
		{46226861-3380-411E-8B53-3E5FCDEC7C78} = {35712146-7769-478C-A819-74BC600C9749}
		{A058B2FE-BC51-44D3-B7E6-F11702AB135E} = {35712146-7769-478C-A819-74BC600C9749}
		{7FB305BE-5D37-40CF-8382-58EEC2D360FD} = {35712146-7769-478C-A819-74BC600C9749}
		{82AD743A-E2B7-4D13-9D26-6196F9DB64E6} = {35712146-7769-478C-A819-74BC600C9749}
		{7B26A734-4C3C-4928-9377-3AA1AEB5421E} = {6E7523E3-058B-42E1-A8FE-731D58E46BC6}
		{29A00849-003C-436F-896F-9682E9216154} = {7B26A734-4C3C-4928-9377-3AA1AEB5421E}
		{223B2189-F44E-49F2-8903-29B8598869AB} = {6E7523E3-058B-42E1-A8FE-731D58E46BC6}
		{E8D9CD9F-5A56-4B21-AB1F-FD45625644A3} = {223B2189-F44E-49F2-8903-29B8598869AB}
		{4BFF650C-8E91-47BC-B9BD-AEBA51A3B777} = {223B2189-F44E-49F2-8903-29B8598869AB}
		{330A2595-FEBE-436B-A2F1-E8B20BD16845} = {7B26A734-4C3C-4928-9377-3AA1AEB5421E}
		{D68FA51A-D024-4017-9F36-E01AE91D675F} = {223B2189-F44E-49F2-8903-29B8598869AB}
		{008543DE-E33C-45BE-B9CA-653F994E8682} = {223B2189-F44E-49F2-8903-29B8598869AB}
		{937B5040-204C-4DFC-BDEA-E079B676111E} = {223B2189-F44E-49F2-8903-29B8598869AB}
		{1707C700-BAEB-4945-83CE-6A3E5D472C95} = {35712146-7769-478C-A819-74BC600C9749}
		{1F55F3A9-FBD1-46A8-94FC-8FE1F11ACF77} = {51F88DE0-A860-46BE-9092-C690960A2E0D}
		{DDADE734-21EF-4ABD-9773-D43D58780202} = {1F55F3A9-FBD1-46A8-94FC-8FE1F11ACF77}
		{8845D42B-EA5C-4FBB-A393-FE16894B6527} = {1F55F3A9-FBD1-46A8-94FC-8FE1F11ACF77}
		{DE7C7D1E-F51D-49DB-B727-2B7AB5739961} = {1F55F3A9-FBD1-46A8-94FC-8FE1F11ACF77}
	EndGlobalSection
	GlobalSection(ProjectConfigurationPlatforms) = postSolution
		{93621E9D-982B-478A-8811-ACB7C67693F5}.Debug|Any CPU.ActiveCfg = Debug|Any CPU
		{93621E9D-982B-478A-8811-ACB7C67693F5}.Debug|Any CPU.Build.0 = Debug|Any CPU
		{93621E9D-982B-478A-8811-ACB7C67693F5}.Release|Any CPU.ActiveCfg = Release|Any CPU
		{93621E9D-982B-478A-8811-ACB7C67693F5}.Release|Any CPU.Build.0 = Release|Any CPU
		{A058B2FE-BC51-44D3-B7E6-F11702AB135E}.Debug|Any CPU.ActiveCfg = Debug|Any CPU
		{A058B2FE-BC51-44D3-B7E6-F11702AB135E}.Debug|Any CPU.Build.0 = Debug|Any CPU
		{A058B2FE-BC51-44D3-B7E6-F11702AB135E}.Release|Any CPU.ActiveCfg = Release|Any CPU
		{A058B2FE-BC51-44D3-B7E6-F11702AB135E}.Release|Any CPU.Build.0 = Release|Any CPU
		{97570CDB-4ED6-44E8-8CDD-0B8A82705246}.Debug|Any CPU.ActiveCfg = Debug|Any CPU
		{97570CDB-4ED6-44E8-8CDD-0B8A82705246}.Debug|Any CPU.Build.0 = Debug|Any CPU
		{97570CDB-4ED6-44E8-8CDD-0B8A82705246}.Release|Any CPU.ActiveCfg = Release|Any CPU
		{97570CDB-4ED6-44E8-8CDD-0B8A82705246}.Release|Any CPU.Build.0 = Release|Any CPU
		{46226861-3380-411E-8B53-3E5FCDEC7C78}.Debug|Any CPU.ActiveCfg = Debug|Any CPU
		{46226861-3380-411E-8B53-3E5FCDEC7C78}.Debug|Any CPU.Build.0 = Debug|Any CPU
		{46226861-3380-411E-8B53-3E5FCDEC7C78}.Release|Any CPU.ActiveCfg = Release|Any CPU
		{46226861-3380-411E-8B53-3E5FCDEC7C78}.Release|Any CPU.Build.0 = Release|Any CPU
		{05DD671B-5053-4439-9F40-CD87E306741D}.Debug|Any CPU.ActiveCfg = Debug|Any CPU
		{05DD671B-5053-4439-9F40-CD87E306741D}.Debug|Any CPU.Build.0 = Debug|Any CPU
		{05DD671B-5053-4439-9F40-CD87E306741D}.Release|Any CPU.ActiveCfg = Release|Any CPU
		{05DD671B-5053-4439-9F40-CD87E306741D}.Release|Any CPU.Build.0 = Release|Any CPU
		{82AD743A-E2B7-4D13-9D26-6196F9DB64E6}.Debug|Any CPU.ActiveCfg = Debug|Any CPU
		{82AD743A-E2B7-4D13-9D26-6196F9DB64E6}.Debug|Any CPU.Build.0 = Debug|Any CPU
		{82AD743A-E2B7-4D13-9D26-6196F9DB64E6}.Release|Any CPU.ActiveCfg = Release|Any CPU
		{82AD743A-E2B7-4D13-9D26-6196F9DB64E6}.Release|Any CPU.Build.0 = Release|Any CPU
		{7FB305BE-5D37-40CF-8382-58EEC2D360FD}.Debug|Any CPU.ActiveCfg = Debug|Any CPU
		{7FB305BE-5D37-40CF-8382-58EEC2D360FD}.Debug|Any CPU.Build.0 = Debug|Any CPU
		{7FB305BE-5D37-40CF-8382-58EEC2D360FD}.Release|Any CPU.ActiveCfg = Release|Any CPU
		{7FB305BE-5D37-40CF-8382-58EEC2D360FD}.Release|Any CPU.Build.0 = Release|Any CPU
		{29A00849-003C-436F-896F-9682E9216154}.Debug|Any CPU.ActiveCfg = Debug|Any CPU
		{29A00849-003C-436F-896F-9682E9216154}.Debug|Any CPU.Build.0 = Debug|Any CPU
		{29A00849-003C-436F-896F-9682E9216154}.Release|Any CPU.ActiveCfg = Release|Any CPU
		{29A00849-003C-436F-896F-9682E9216154}.Release|Any CPU.Build.0 = Release|Any CPU
		{E8D9CD9F-5A56-4B21-AB1F-FD45625644A3}.Debug|Any CPU.ActiveCfg = Debug|Any CPU
		{E8D9CD9F-5A56-4B21-AB1F-FD45625644A3}.Debug|Any CPU.Build.0 = Debug|Any CPU
		{E8D9CD9F-5A56-4B21-AB1F-FD45625644A3}.Release|Any CPU.ActiveCfg = Release|Any CPU
		{E8D9CD9F-5A56-4B21-AB1F-FD45625644A3}.Release|Any CPU.Build.0 = Release|Any CPU
		{4BFF650C-8E91-47BC-B9BD-AEBA51A3B777}.Debug|Any CPU.ActiveCfg = Debug|Any CPU
		{4BFF650C-8E91-47BC-B9BD-AEBA51A3B777}.Debug|Any CPU.Build.0 = Debug|Any CPU
		{4BFF650C-8E91-47BC-B9BD-AEBA51A3B777}.Release|Any CPU.ActiveCfg = Release|Any CPU
		{4BFF650C-8E91-47BC-B9BD-AEBA51A3B777}.Release|Any CPU.Build.0 = Release|Any CPU
		{330A2595-FEBE-436B-A2F1-E8B20BD16845}.Debug|Any CPU.ActiveCfg = Debug|Any CPU
		{330A2595-FEBE-436B-A2F1-E8B20BD16845}.Debug|Any CPU.Build.0 = Debug|Any CPU
		{330A2595-FEBE-436B-A2F1-E8B20BD16845}.Release|Any CPU.ActiveCfg = Release|Any CPU
		{330A2595-FEBE-436B-A2F1-E8B20BD16845}.Release|Any CPU.Build.0 = Release|Any CPU
		{D68FA51A-D024-4017-9F36-E01AE91D675F}.Debug|Any CPU.ActiveCfg = Debug|Any CPU
		{D68FA51A-D024-4017-9F36-E01AE91D675F}.Debug|Any CPU.Build.0 = Debug|Any CPU
		{D68FA51A-D024-4017-9F36-E01AE91D675F}.Release|Any CPU.ActiveCfg = Release|Any CPU
		{D68FA51A-D024-4017-9F36-E01AE91D675F}.Release|Any CPU.Build.0 = Release|Any CPU
		{008543DE-E33C-45BE-B9CA-653F994E8682}.Debug|Any CPU.ActiveCfg = Debug|Any CPU
		{008543DE-E33C-45BE-B9CA-653F994E8682}.Debug|Any CPU.Build.0 = Debug|Any CPU
		{008543DE-E33C-45BE-B9CA-653F994E8682}.Release|Any CPU.ActiveCfg = Release|Any CPU
		{008543DE-E33C-45BE-B9CA-653F994E8682}.Release|Any CPU.Build.0 = Release|Any CPU
		{937B5040-204C-4DFC-BDEA-E079B676111E}.Debug|Any CPU.ActiveCfg = Debug|Any CPU
		{937B5040-204C-4DFC-BDEA-E079B676111E}.Debug|Any CPU.Build.0 = Debug|Any CPU
		{937B5040-204C-4DFC-BDEA-E079B676111E}.Release|Any CPU.ActiveCfg = Release|Any CPU
		{937B5040-204C-4DFC-BDEA-E079B676111E}.Release|Any CPU.Build.0 = Release|Any CPU
		{1707C700-BAEB-4945-83CE-6A3E5D472C95}.Debug|Any CPU.ActiveCfg = Debug|Any CPU
		{1707C700-BAEB-4945-83CE-6A3E5D472C95}.Debug|Any CPU.Build.0 = Debug|Any CPU
		{1707C700-BAEB-4945-83CE-6A3E5D472C95}.Release|Any CPU.ActiveCfg = Release|Any CPU
		{1707C700-BAEB-4945-83CE-6A3E5D472C95}.Release|Any CPU.Build.0 = Release|Any CPU
	EndGlobalSection
EndGlobal
